
Microsoft Visual Studio Solution File, Format Version 12.00
# Visual Studio Version 17
VisualStudioVersion = 17.4.33103.184
MinimumVisualStudioVersion = 10.0.40219.1
Project("{FAE04EC0-301F-11D3-BF4B-00C04F79EFBC}") = "employeeAPI_EF", "employeeAPI_EF\employeeAPI_EF.csproj", "{4840284D-E913-4456-BF96-B5068E666DAD}"
EndProject
Global
	GlobalSection(SolutionConfigurationPlatforms) = preSolution
		Debug|Any CPU = Debug|Any CPU
		Release|Any CPU = Release|Any CPU
	EndGlobalSection
	GlobalSection(ProjectConfigurationPlatforms) = postSolution
		{4840284D-E913-4456-BF96-B5068E666DAD}.Debug|Any CPU.ActiveCfg = Debug|Any CPU
		{4840284D-E913-4456-BF96-B5068E666DAD}.Debug|Any CPU.Build.0 = Debug|Any CPU
		{4840284D-E913-4456-BF96-B5068E666DAD}.Release|Any CPU.ActiveCfg = Release|Any CPU
		{4840284D-E913-4456-BF96-B5068E666DAD}.Release|Any CPU.Build.0 = Release|Any CPU
	EndGlobalSection
	GlobalSection(SolutionProperties) = preSolution
		HideSolutionNode = FALSE
	EndGlobalSection
	GlobalSection(ExtensibilityGlobals) = postSolution
		SolutionGuid = {6C02966D-E27E-436B-98A3-66B00FAA97F4}
	EndGlobalSection
EndGlobal
