
Microsoft Visual Studio Solution File, Format Version 12.00
# Visual Studio Version 17
VisualStudioVersion = 17.4.33103.184
MinimumVisualStudioVersion = 10.0.40219.1
Project("{FAE04EC0-301F-11D3-BF4B-00C04F79EFBC}") = "apicalls_HttpClient", "apicalls_HttpClient\apicalls_HttpClient.csproj", "{E62AAF90-63D8-496A-AA4E-EEE20901DFBE}"
EndProject
Global
	GlobalSection(SolutionConfigurationPlatforms) = preSolution
		Debug|Any CPU = Debug|Any CPU
		Release|Any CPU = Release|Any CPU
	EndGlobalSection
	GlobalSection(ProjectConfigurationPlatforms) = postSolution
		{E62AAF90-63D8-496A-AA4E-EEE20901DFBE}.Debug|Any CPU.ActiveCfg = Debug|Any CPU
		{E62AAF90-63D8-496A-AA4E-EEE20901DFBE}.Debug|Any CPU.Build.0 = Debug|Any CPU
		{E62AAF90-63D8-496A-AA4E-EEE20901DFBE}.Release|Any CPU.ActiveCfg = Release|Any CPU
		{E62AAF90-63D8-496A-AA4E-EEE20901DFBE}.Release|Any CPU.Build.0 = Release|Any CPU
	EndGlobalSection
	GlobalSection(SolutionProperties) = preSolution
		HideSolutionNode = FALSE
	EndGlobalSection
	GlobalSection(ExtensibilityGlobals) = postSolution
		SolutionGuid = {AC0A3C75-8DD9-424A-A824-F848F7C15DB4}
	EndGlobalSection
EndGlobal
